<?xml version="1.0" encoding="utf-8"?>
<Project ToolsVersion="4.0" xmlns="http://schemas.microsoft.com/developer/msbuild/2003">
  <ItemGroup>
    <Filter Include="Source Files">
      <UniqueIdentifier>{4FC737F1-C7A5-4376-A066-2A32D752A2FF}</UniqueIdentifier>
      <Extensions>cpp;c;cc;cxx;c++;cppm;ixx;def;odl;idl;hpj;bat;asm;asmx</Extensions>
    </Filter>
    <Filter Include="Header Files">
      <UniqueIdentifier>{93995380-89BD-4b04-88EB-625FBE52EBFB}</UniqueIdentifier>
      <Extensions>h;hh;hpp;hxx;h++;hm;inl;inc;ipp;xsd</Extensions>
    </Filter>
    <Filter Include="Resource Files">
      <UniqueIdentifier>{67DA6AB6-F800-4c08-8B7A-83BB121AAD01}</UniqueIdentifier>
      <Extensions>rc;ico;cur;bmp;dlg;rc2;rct;bin;rgs;gif;jpg;jpeg;jpe;resx;tiff;tif;png;wav;mfcribbon-ms</Extensions>
    </Filter>
  </ItemGroup>
  <ItemGroup>
    <ClCompile Include="API.cpp">
      <Filter>Source Files</Filter>
    </ClCompile>
    <ClCompile Include="dlpspec.c">
      <Filter>Source Files</Filter>
    </ClCompile>
    <ClCompile Include="dlpspec_calib.c">
      <Filter>Source Files</Filter>
    </ClCompile>
    <ClCompile Include="dlpspec_helper.c">
      <Filter>Source Files</Filter>
    </ClCompile>
    <ClCompile Include="dlpspec_scan.c">
      <Filter>Source Files</Filter>
    </ClCompile>
    <ClCompile Include="dlpspec_scan_col.c">
      <Filter>Source Files</Filter>
    </ClCompile>
    <ClCompile Include="dlpspec_scan_had.c">
      <Filter>Source Files</Filter>
    </ClCompile>
    <ClCompile Include="dlpspec_util.c">
      <Filter>Source Files</Filter>
    </ClCompile>
    <ClCompile Include="evm.cpp">
      <Filter>Source Files</Filter>
    </ClCompile>
    <ClCompile Include="mmap.c">
      <Filter>Source Files</Filter>
    </ClCompile>
    <ClCompile Include="NIRScanner.cpp">
      <Filter>Source Files</Filter>
    </ClCompile>
    <ClCompile Include="Serial.c">
      <Filter>Source Files</Filter>
    </ClCompile>
    <ClCompile Include="tpl.c">
      <Filter>Source Files</Filter>
    </ClCompile>
    <ClCompile Include="usb_nir.cpp">
      <Filter>Source Files</Filter>
    </ClCompile>
    <ClCompile Include="NIRScanner_wrap.cxx">
      <Filter>Source Files</Filter>
    </ClCompile>
  </ItemGroup>
  <ItemGroup>
    <ClInclude Include="API.h">
      <Filter>Header Files</Filter>
    </ClInclude>
    <ClInclude Include="Common.h">
      <Filter>Header Files</Filter>
    </ClInclude>
    <ClInclude Include="dlpspec.h">
      <Filter>Header Files</Filter>
    </ClInclude>
    <ClInclude Include="dlpspec_calib.h">
      <Filter>Header Files</Filter>
    </ClInclude>
    <ClInclude Include="dlpspec_had_defs.h">
      <Filter>Header Files</Filter>
    </ClInclude>
    <ClInclude Include="dlpspec_helper.h">
      <Filter>Header Files</Filter>
    </ClInclude>
    <ClInclude Include="dlpspec_scan.h">
      <Filter>Header Files</Filter>
    </ClInclude>
    <ClInclude Include="dlpspec_scan_col.h">
      <Filter>Header Files</Filter>
    </ClInclude>
    <ClInclude Include="dlpspec_scan_had.h">
      <Filter>Header Files</Filter>
    </ClInclude>
    <ClInclude Include="dlpspec_setup.h">
      <Filter>Header Files</Filter>
    </ClInclude>
    <ClInclude Include="dlpspec_types.h">
      <Filter>Header Files</Filter>
    </ClInclude>
    <ClInclude Include="dlpspec_util.h">
      <Filter>Header Files</Filter>
    </ClInclude>
    <ClInclude Include="dlpspec_version.h">
      <Filter>Header Files</Filter>
    </ClInclude>
    <ClInclude Include="evm.h">
      <Filter>Header Files</Filter>
    </ClInclude>
    <ClInclude Include="mman.h">
      <Filter>Header Files</Filter>
    </ClInclude>
    <ClInclude Include="NIRScanner.h">
      <Filter>Header Files</Filter>
    </ClInclude>
    <ClInclude Include="NNOCommandDefs.h">
      <Filter>Header Files</Filter>
    </ClInclude>
    <ClInclude Include="NNOSNRDefs.h">
      <Filter>Header Files</Filter>
    </ClInclude>
    <ClInclude Include="NNOStatusDefs.h">
      <Filter>Header Files</Filter>
    </ClInclude>
    <ClInclude Include="NNOUARTDefs.h">
      <Filter>Header Files</Filter>
    </ClInclude>
    <ClInclude Include="refCalMatrix.h">
      <Filter>Header Files</Filter>
    </ClInclude>
    <ClInclude Include="Serial.h">
      <Filter>Header Files</Filter>
    </ClInclude>
    <ClInclude Include="tpl.h">
      <Filter>Header Files</Filter>
    </ClInclude>
    <ClInclude Include="usb_nir.h">
      <Filter>Header Files</Filter>
    </ClInclude>
  </ItemGroup>
</Project>